
Microsoft Visual Studio Solution File, Format Version 11.00
# Visual Studio 2010
Project("{FAE04EC0-301F-11D3-BF4B-00C04F79EFBC}") = "clojure.data.generators", "clojure.data.generators.csproj", "{AEE1117B-4105-4B54-85ED-1F0AE3CBB810}"
EndProject
Global
	GlobalSection(SolutionConfigurationPlatforms) = preSolution
		Debug|Any CPU = Debug|Any CPU
		Release|Any CPU = Release|Any CPU
	EndGlobalSection
	GlobalSection(ProjectConfigurationPlatforms) = postSolution
		{AEE1117B-4105-4B54-85ED-1F0AE3CBB810}.Debug|Any CPU.ActiveCfg = Debug|Any CPU
		{AEE1117B-4105-4B54-85ED-1F0AE3CBB810}.Debug|Any CPU.Build.0 = Debug|Any CPU
		{AEE1117B-4105-4B54-85ED-1F0AE3CBB810}.Release|Any CPU.ActiveCfg = Release|Any CPU
		{AEE1117B-4105-4B54-85ED-1F0AE3CBB810}.Release|Any CPU.Build.0 = Release|Any CPU
	EndGlobalSection
	GlobalSection(SolutionProperties) = preSolution
		HideSolutionNode = FALSE
	EndGlobalSection
EndGlobal
